
Microsoft Visual Studio Solution File, Format Version 12.00
# Visual Studio Version 17
VisualStudioVersion = 17.1.32328.378
MinimumVisualStudioVersion = 10.0.40219.1
Project("{FAE04EC0-301F-11D3-BF4B-00C04F79EFBC}") = "pry.TP.LopezValentin", "pry.TP.LopezValentin.csproj", "{294A8D59-62C0-4F01-836D-DAF45561C1C2}"
EndProject
Global
	GlobalSection(SolutionConfigurationPlatforms) = preSolution
		Debug|Any CPU = Debug|Any CPU
		Release|Any CPU = Release|Any CPU
	EndGlobalSection
	GlobalSection(ProjectConfigurationPlatforms) = postSolution
		{294A8D59-62C0-4F01-836D-DAF45561C1C2}.Debug|Any CPU.ActiveCfg = Debug|Any CPU
		{294A8D59-62C0-4F01-836D-DAF45561C1C2}.Debug|Any CPU.Build.0 = Debug|Any CPU
		{294A8D59-62C0-4F01-836D-DAF45561C1C2}.Release|Any CPU.ActiveCfg = Release|Any CPU
		{294A8D59-62C0-4F01-836D-DAF45561C1C2}.Release|Any CPU.Build.0 = Release|Any CPU
	EndGlobalSection
	GlobalSection(SolutionProperties) = preSolution
		HideSolutionNode = FALSE
	EndGlobalSection
	GlobalSection(ExtensibilityGlobals) = postSolution
		SolutionGuid = {4C857A7B-A43C-4BA1-8627-7D34DE05D0EC}
	EndGlobalSection
EndGlobal
